
Microsoft Visual Studio Solution File, Format Version 12.00
# Visual Studio Version 17
VisualStudioVersion = 17.6.33723.286
MinimumVisualStudioVersion = 10.0.40219.1
Project("{FAE04EC0-301F-11D3-BF4B-00C04F79EFBC}") = "AspNetCoreWebAppTest", "AspNetCoreWebAppTest\AspNetCoreWebAppTest.csproj", "{B63BBA93-2B65-4B4F-974C-28570DFE57F0}"
EndProject
Global
	GlobalSection(SolutionConfigurationPlatforms) = preSolution
		Debug|Any CPU = Debug|Any CPU
		Release|Any CPU = Release|Any CPU
	EndGlobalSection
	GlobalSection(ProjectConfigurationPlatforms) = postSolution
		{B63BBA93-2B65-4B4F-974C-28570DFE57F0}.Debug|Any CPU.ActiveCfg = Debug|Any CPU
		{B63BBA93-2B65-4B4F-974C-28570DFE57F0}.Debug|Any CPU.Build.0 = Debug|Any CPU
		{B63BBA93-2B65-4B4F-974C-28570DFE57F0}.Release|Any CPU.ActiveCfg = Release|Any CPU
		{B63BBA93-2B65-4B4F-974C-28570DFE57F0}.Release|Any CPU.Build.0 = Release|Any CPU
	EndGlobalSection
	GlobalSection(SolutionProperties) = preSolution
		HideSolutionNode = FALSE
	EndGlobalSection
	GlobalSection(ExtensibilityGlobals) = postSolution
		SolutionGuid = {ECE05BD3-BC03-4A8A-A7F7-7AC53B3423E0}
	EndGlobalSection
EndGlobal
